
Microsoft Visual Studio Solution File, Format Version 12.00
# Visual Studio Version 16
VisualStudioVersion = 16.0.29102.190
MinimumVisualStudioVersion = 10.0.40219.1
Project("{FAE04EC0-301F-11D3-BF4B-00C04F79EFBC}") = "Lab11 Movie List", "Lab11 Movie List\Lab11 Movie List.csproj", "{4810B214-41F1-42AA-AFB4-1DF341EEC5D4}"
EndProject
Global
	GlobalSection(SolutionConfigurationPlatforms) = preSolution
		Debug|Any CPU = Debug|Any CPU
		Release|Any CPU = Release|Any CPU
	EndGlobalSection
	GlobalSection(ProjectConfigurationPlatforms) = postSolution
		{4810B214-41F1-42AA-AFB4-1DF341EEC5D4}.Debug|Any CPU.ActiveCfg = Debug|Any CPU
		{4810B214-41F1-42AA-AFB4-1DF341EEC5D4}.Debug|Any CPU.Build.0 = Debug|Any CPU
		{4810B214-41F1-42AA-AFB4-1DF341EEC5D4}.Release|Any CPU.ActiveCfg = Release|Any CPU
		{4810B214-41F1-42AA-AFB4-1DF341EEC5D4}.Release|Any CPU.Build.0 = Release|Any CPU
	EndGlobalSection
	GlobalSection(SolutionProperties) = preSolution
		HideSolutionNode = FALSE
	EndGlobalSection
	GlobalSection(ExtensibilityGlobals) = postSolution
		SolutionGuid = {04F9BF1F-8ED2-4C6B-A759-E991A2B4FB09}
	EndGlobalSection
EndGlobal
